
Microsoft Visual Studio Solution File, Format Version 12.00
# Visual Studio Version 16
VisualStudioVersion = 16.0.30717.126
MinimumVisualStudioVersion = 10.0.40219.1
Project("{FAE04EC0-301F-11D3-BF4B-00C04F79EFBC}") = "RUAP", "RUAP.csproj", "{D1F6C133-0E44-4B99-B151-21E1724CE2C7}"
EndProject
Global
	GlobalSection(SolutionConfigurationPlatforms) = preSolution
		Debug|Any CPU = Debug|Any CPU
		Release|Any CPU = Release|Any CPU
	EndGlobalSection
	GlobalSection(ProjectConfigurationPlatforms) = postSolution
		{D1F6C133-0E44-4B99-B151-21E1724CE2C7}.Debug|Any CPU.ActiveCfg = Debug|Any CPU
		{D1F6C133-0E44-4B99-B151-21E1724CE2C7}.Debug|Any CPU.Build.0 = Debug|Any CPU
		{D1F6C133-0E44-4B99-B151-21E1724CE2C7}.Release|Any CPU.ActiveCfg = Release|Any CPU
		{D1F6C133-0E44-4B99-B151-21E1724CE2C7}.Release|Any CPU.Build.0 = Release|Any CPU
	EndGlobalSection
	GlobalSection(SolutionProperties) = preSolution
		HideSolutionNode = FALSE
	EndGlobalSection
	GlobalSection(ExtensibilityGlobals) = postSolution
		SolutionGuid = {5924A918-6B51-427C-94C2-859D3210AEDD}
	EndGlobalSection
EndGlobal
